
Microsoft Visual Studio Solution File, Format Version 12.00
# Visual Studio Version 17
VisualStudioVersion = 17.4.33213.308
MinimumVisualStudioVersion = 10.0.40219.1
Project("{FAE04EC0-301F-11D3-BF4B-00C04F79EFBC}") = "CarManufacturer", "01. Car\CarManufacturer.csproj", "{D9A06F33-9510-44F7-A415-AB0B3393648A}"
EndProject
Global
	GlobalSection(SolutionConfigurationPlatforms) = preSolution
		Debug|Any CPU = Debug|Any CPU
		Release|Any CPU = Release|Any CPU
	EndGlobalSection
	GlobalSection(ProjectConfigurationPlatforms) = postSolution
		{D9A06F33-9510-44F7-A415-AB0B3393648A}.Debug|Any CPU.ActiveCfg = Debug|Any CPU
		{D9A06F33-9510-44F7-A415-AB0B3393648A}.Debug|Any CPU.Build.0 = Debug|Any CPU
		{D9A06F33-9510-44F7-A415-AB0B3393648A}.Release|Any CPU.ActiveCfg = Release|Any CPU
		{D9A06F33-9510-44F7-A415-AB0B3393648A}.Release|Any CPU.Build.0 = Release|Any CPU
	EndGlobalSection
	GlobalSection(SolutionProperties) = preSolution
		HideSolutionNode = FALSE
	EndGlobalSection
	GlobalSection(ExtensibilityGlobals) = postSolution
		SolutionGuid = {2ED17AAE-94D0-4CD7-8CDA-CE52856FE681}
	EndGlobalSection
EndGlobal
