
Microsoft Visual Studio Solution File, Format Version 12.00
# Visual Studio Version 17
VisualStudioVersion = 17.4.33213.308
MinimumVisualStudioVersion = 10.0.40219.1
Project("{FAE04EC0-301F-11D3-BF4B-00C04F79EFBC}") = "DefiningClasses", "StartUp\DefiningClasses.csproj", "{807F3D62-E63E-4E1A-BBA4-C5EE646448D2}"
EndProject
Project("{FAE04EC0-301F-11D3-BF4B-00C04F79EFBC}") = "06.SpeedRacing", "06.SpeedRacing\06.SpeedRacing.csproj", "{61951BA4-31F7-47F3-9E28-C5C3905F1420}"
EndProject
Project("{FAE04EC0-301F-11D3-BF4B-00C04F79EFBC}") = "RawData", "07. RawData\RawData.csproj", "{A95106C2-6903-4E40-AF7B-ED88BBD07681}"
EndProject
Project("{FAE04EC0-301F-11D3-BF4B-00C04F79EFBC}") = "PokemonTrainer", "PokemonTrainer\PokemonTrainer.csproj", "{0B49563F-BE2E-47FE-A6D0-2A342F29098A}"
EndProject
Project("{FAE04EC0-301F-11D3-BF4B-00C04F79EFBC}") = "CarSalesman", "CarSalesman\CarSalesman.csproj", "{2223B1EA-302E-4BF6-AC9F-450C37686E5C}"
EndProject
Global
	GlobalSection(SolutionConfigurationPlatforms) = preSolution
		Debug|Any CPU = Debug|Any CPU
		Release|Any CPU = Release|Any CPU
	EndGlobalSection
	GlobalSection(ProjectConfigurationPlatforms) = postSolution
		{807F3D62-E63E-4E1A-BBA4-C5EE646448D2}.Debug|Any CPU.ActiveCfg = Debug|Any CPU
		{807F3D62-E63E-4E1A-BBA4-C5EE646448D2}.Debug|Any CPU.Build.0 = Debug|Any CPU
		{807F3D62-E63E-4E1A-BBA4-C5EE646448D2}.Release|Any CPU.ActiveCfg = Release|Any CPU
		{807F3D62-E63E-4E1A-BBA4-C5EE646448D2}.Release|Any CPU.Build.0 = Release|Any CPU
		{61951BA4-31F7-47F3-9E28-C5C3905F1420}.Debug|Any CPU.ActiveCfg = Debug|Any CPU
		{61951BA4-31F7-47F3-9E28-C5C3905F1420}.Debug|Any CPU.Build.0 = Debug|Any CPU
		{61951BA4-31F7-47F3-9E28-C5C3905F1420}.Release|Any CPU.ActiveCfg = Release|Any CPU
		{61951BA4-31F7-47F3-9E28-C5C3905F1420}.Release|Any CPU.Build.0 = Release|Any CPU
		{A95106C2-6903-4E40-AF7B-ED88BBD07681}.Debug|Any CPU.ActiveCfg = Debug|Any CPU
		{A95106C2-6903-4E40-AF7B-ED88BBD07681}.Debug|Any CPU.Build.0 = Debug|Any CPU
		{A95106C2-6903-4E40-AF7B-ED88BBD07681}.Release|Any CPU.ActiveCfg = Release|Any CPU
		{A95106C2-6903-4E40-AF7B-ED88BBD07681}.Release|Any CPU.Build.0 = Release|Any CPU
		{0B49563F-BE2E-47FE-A6D0-2A342F29098A}.Debug|Any CPU.ActiveCfg = Debug|Any CPU
		{0B49563F-BE2E-47FE-A6D0-2A342F29098A}.Debug|Any CPU.Build.0 = Debug|Any CPU
		{0B49563F-BE2E-47FE-A6D0-2A342F29098A}.Release|Any CPU.ActiveCfg = Release|Any CPU
		{0B49563F-BE2E-47FE-A6D0-2A342F29098A}.Release|Any CPU.Build.0 = Release|Any CPU
		{2223B1EA-302E-4BF6-AC9F-450C37686E5C}.Debug|Any CPU.ActiveCfg = Debug|Any CPU
		{2223B1EA-302E-4BF6-AC9F-450C37686E5C}.Debug|Any CPU.Build.0 = Debug|Any CPU
		{2223B1EA-302E-4BF6-AC9F-450C37686E5C}.Release|Any CPU.ActiveCfg = Release|Any CPU
		{2223B1EA-302E-4BF6-AC9F-450C37686E5C}.Release|Any CPU.Build.0 = Release|Any CPU
	EndGlobalSection
	GlobalSection(SolutionProperties) = preSolution
		HideSolutionNode = FALSE
	EndGlobalSection
	GlobalSection(ExtensibilityGlobals) = postSolution
		SolutionGuid = {8D2DC1C7-A574-4A48-A49F-2F509D04AF2E}
	EndGlobalSection
EndGlobal
